
Microsoft Visual Studio Solution File, Format Version 12.00
# Visual Studio 15
VisualStudioVersion = 15.0.28307.1831
MinimumVisualStudioVersion = 10.0.40219.1
Project("{FAE04EC0-301F-11D3-BF4B-00C04F79EFBC}") = "UTWeb", "UTWeb\UTWeb.csproj", "{BD537E60-C4E4-463F-ADC7-307F2F9BB114}"
EndProject
Project("{FAE04EC0-301F-11D3-BF4B-00C04F79EFBC}") = "UTWeb.Tests", "UTWeb.Tests\UTWeb.Tests.csproj", "{A7A45C29-1CCB-4874-AC09-17D1C2BFB8FA}"
EndProject
Global
	GlobalSection(SolutionConfigurationPlatforms) = preSolution
		Debug|Any CPU = Debug|Any CPU
		Release|Any CPU = Release|Any CPU
	EndGlobalSection
	GlobalSection(ProjectConfigurationPlatforms) = postSolution
		{BD537E60-C4E4-463F-ADC7-307F2F9BB114}.Debug|Any CPU.ActiveCfg = Debug|Any CPU
		{BD537E60-C4E4-463F-ADC7-307F2F9BB114}.Debug|Any CPU.Build.0 = Debug|Any CPU
		{BD537E60-C4E4-463F-ADC7-307F2F9BB114}.Release|Any CPU.ActiveCfg = Release|Any CPU
		{BD537E60-C4E4-463F-ADC7-307F2F9BB114}.Release|Any CPU.Build.0 = Release|Any CPU
		{A7A45C29-1CCB-4874-AC09-17D1C2BFB8FA}.Debug|Any CPU.ActiveCfg = Debug|Any CPU
		{A7A45C29-1CCB-4874-AC09-17D1C2BFB8FA}.Debug|Any CPU.Build.0 = Debug|Any CPU
		{A7A45C29-1CCB-4874-AC09-17D1C2BFB8FA}.Release|Any CPU.ActiveCfg = Release|Any CPU
		{A7A45C29-1CCB-4874-AC09-17D1C2BFB8FA}.Release|Any CPU.Build.0 = Release|Any CPU
	EndGlobalSection
	GlobalSection(SolutionProperties) = preSolution
		HideSolutionNode = FALSE
	EndGlobalSection
	GlobalSection(ExtensibilityGlobals) = postSolution
		SolutionGuid = {7690D73A-2D92-4851-8ABC-A5C9116A9D9E}
	EndGlobalSection
EndGlobal
